
Microsoft Visual Studio Solution File, Format Version 12.00
# Visual Studio Version 17
VisualStudioVersion = 17.11.35327.3
MinimumVisualStudioVersion = 10.0.40219.1
Project("{9A19103F-16F7-4668-BE54-9A1E7A4F7556}") = "TinyUrl", "TinyUrl.csproj", "{FDCE56C9-9452-4148-BA5F-CEDC1EB2DE5E}"
EndProject
Project("{FAE04EC0-301F-11D3-BF4B-00C04F79EFBC}") = "TimerTrigger", "..\TimerTrigger\TimerTrigger.csproj", "{CD864A1B-48B2-4235-9E3C-F729F1260E4A}"
EndProject
Global
	GlobalSection(SolutionConfigurationPlatforms) = preSolution
		Debug|Any CPU = Debug|Any CPU
		Release|Any CPU = Release|Any CPU
	EndGlobalSection
	GlobalSection(ProjectConfigurationPlatforms) = postSolution
		{FDCE56C9-9452-4148-BA5F-CEDC1EB2DE5E}.Debug|Any CPU.ActiveCfg = Debug|Any CPU
		{FDCE56C9-9452-4148-BA5F-CEDC1EB2DE5E}.Debug|Any CPU.Build.0 = Debug|Any CPU
		{FDCE56C9-9452-4148-BA5F-CEDC1EB2DE5E}.Release|Any CPU.ActiveCfg = Release|Any CPU
		{FDCE56C9-9452-4148-BA5F-CEDC1EB2DE5E}.Release|Any CPU.Build.0 = Release|Any CPU
		{CD864A1B-48B2-4235-9E3C-F729F1260E4A}.Debug|Any CPU.ActiveCfg = Debug|Any CPU
		{CD864A1B-48B2-4235-9E3C-F729F1260E4A}.Debug|Any CPU.Build.0 = Debug|Any CPU
		{CD864A1B-48B2-4235-9E3C-F729F1260E4A}.Release|Any CPU.ActiveCfg = Release|Any CPU
		{CD864A1B-48B2-4235-9E3C-F729F1260E4A}.Release|Any CPU.Build.0 = Release|Any CPU
	EndGlobalSection
	GlobalSection(SolutionProperties) = preSolution
		HideSolutionNode = FALSE
	EndGlobalSection
	GlobalSection(ExtensibilityGlobals) = postSolution
		SolutionGuid = {DFC462AB-6BED-48C3-ABFF-2A06B2E27129}
	EndGlobalSection
EndGlobal
